// !$*UTF8*$!
{
	archiveVersion = 1;
	classes = {
	};
	objectVersion = 56;
	objects = {

/* Begin PBXBuildFile section */
		9B44A6C52AFE67F60024A5B0 /* JsonPrettyPrinter.swift in Sources */ = {isa = PBXBuildFile; fileRef = 9B44A6C42AFE67F60024A5B0 /* JsonPrettyPrinter.swift */; };
		9B44A6C72AFE6D800024A5B0 /* SamplePlannedWorkout.swift in Sources */ = {isa = PBXBuildFile; fileRef = 9B44A6C62AFE6D800024A5B0 /* SamplePlannedWorkout.swift */; };
		9B97EAFD2AFE5D13000D8EFB /* TerraLocalTestApp.swift in Sources */ = {isa = PBXBuildFile; fileRef = 9B97EAFC2AFE5D13000D8EFB /* TerraLocalTestApp.swift */; };
		9B97EAFF2AFE5D13000D8EFB /* ContentView.swift in Sources */ = {isa = PBXBuildFile; fileRef = 9B97EAFE2AFE5D13000D8EFB /* ContentView.swift */; };
		9B97EB012AFE5D14000D8EFB /* Assets.xcassets in Resources */ = {isa = PBXBuildFile; fileRef = 9B97EB002AFE5D14000D8EFB /* Assets.xcassets */; };
		9B97EB042AFE5D14000D8EFB /* Preview Assets.xcassets in Resources */ = {isa = PBXBuildFile; fileRef = 9B97EB032AFE5D14000D8EFB /* Preview Assets.xcassets */; };
		9B97EB112AFE5D6C000D8EFB /* Config.swift in Sources */ = {isa = PBXBuildFile; fileRef = 9B97EB102AFE5D6C000D8EFB /* Config.swift */; };
		9B97EB302AFE5EC3000D8EFB /* AppDelegate.swift in Sources */ = {isa = PBXBuildFile; fileRef = 9B97EB2F2AFE5EC3000D8EFB /* AppDelegate.swift */; };
		9B97EB322AFE5F0A000D8EFB /* Auth.swift in Sources */ = {isa = PBXBuildFile; fileRef = 9B97EB312AFE5F0A000D8EFB /* Auth.swift */; };
		EB3D994B2C96443A00A9F979 /* TerraiOS in Frameworks */ = {isa = PBXBuildFile; productRef = EB3D994A2C96443A00A9F979 /* TerraiOS */; };
		EBAC6FDD2C96633800F7F526 /* TerraiOS in Frameworks */ = {isa = PBXBuildFile; productRef = EBAC6FDC2C96633800F7F526 /* TerraiOS */; };
/* End PBXBuildFile section */

/* Begin PBXCopyFilesBuildPhase section */
		9B97EB272AFE5D99000D8EFB /* Embed Watch Content */ = {
			isa = PBXCopyFilesBuildPhase;
			buildActionMask = 2147483647;
			dstPath = "$(CONTENTS_FOLDER_PATH)/Watch";
			dstSubfolderSpec = 16;
			files = (
			);
			name = "Embed Watch Content";
			runOnlyForDeploymentPostprocessing = 0;
		};
/* End PBXCopyFilesBuildPhase section */

/* Begin PBXFileReference section */
		9B44A6C42AFE67F60024A5B0 /* JsonPrettyPrinter.swift */ = {isa = PBXFileReference; lastKnownFileType = sourcecode.swift; path = JsonPrettyPrinter.swift; sourceTree = "<group>"; };
		9B44A6C62AFE6D800024A5B0 /* SamplePlannedWorkout.swift */ = {isa = PBXFileReference; lastKnownFileType = sourcecode.swift; path = SamplePlannedWorkout.swift; sourceTree = "<group>"; };
		9B97EAF92AFE5D13000D8EFB /* TerraLocalTest.app */ = {isa = PBXFileReference; explicitFileType = wrapper.application; includeInIndex = 0; path = TerraLocalTest.app; sourceTree = BUILT_PRODUCTS_DIR; };
		9B97EAFC2AFE5D13000D8EFB /* TerraLocalTestApp.swift */ = {isa = PBXFileReference; lastKnownFileType = sourcecode.swift; path = TerraLocalTestApp.swift; sourceTree = "<group>"; };
		9B97EAFE2AFE5D13000D8EFB /* ContentView.swift */ = {isa = PBXFileReference; lastKnownFileType = sourcecode.swift; path = ContentView.swift; sourceTree = "<group>"; };
		9B97EB002AFE5D14000D8EFB /* Assets.xcassets */ = {isa = PBXFileReference; lastKnownFileType = folder.assetcatalog; path = Assets.xcassets; sourceTree = "<group>"; };
		9B97EB032AFE5D14000D8EFB /* Preview Assets.xcassets */ = {isa = PBXFileReference; lastKnownFileType = folder.assetcatalog; path = "Preview Assets.xcassets"; sourceTree = "<group>"; };
		9B97EB102AFE5D6C000D8EFB /* Config.swift */ = {isa = PBXFileReference; lastKnownFileType = sourcecode.swift; path = Config.swift; sourceTree = "<group>"; };
		9B97EB182AFE5D97000D8EFB /* TerraLocalWatchTestApp.swift */ = {isa = PBXFileReference; lastKnownFileType = sourcecode.swift; path = TerraLocalWatchTestApp.swift; sourceTree = "<group>"; };
		9B97EB1A2AFE5D97000D8EFB /* ContentView.swift */ = {isa = PBXFileReference; lastKnownFileType = sourcecode.swift; path = ContentView.swift; sourceTree = "<group>"; };
		9B97EB1C2AFE5D99000D8EFB /* Assets.xcassets */ = {isa = PBXFileReference; lastKnownFileType = folder.assetcatalog; path = Assets.xcassets; sourceTree = "<group>"; };
		9B97EB1F2AFE5D99000D8EFB /* Preview Assets.xcassets */ = {isa = PBXFileReference; lastKnownFileType = folder.assetcatalog; path = "Preview Assets.xcassets"; sourceTree = "<group>"; };
		9B97EB2B2AFE5DB4000D8EFB /* TerraLocalWatchTest-Watch-App-Info.plist */ = {isa = PBXFileReference; lastKnownFileType = text.plist; path = "TerraLocalWatchTest-Watch-App-Info.plist"; sourceTree = SOURCE_ROOT; };
		9B97EB2C2AFE5DBE000D8EFB /* TerraLocalWatchTest Watch App.entitlements */ = {isa = PBXFileReference; lastKnownFileType = text.plist.entitlements; path = "TerraLocalWatchTest Watch App.entitlements"; sourceTree = "<group>"; };
		9B97EB2D2AFE5E03000D8EFB /* TerraLocalTest.entitlements */ = {isa = PBXFileReference; lastKnownFileType = text.plist.entitlements; path = TerraLocalTest.entitlements; sourceTree = "<group>"; };
		9B97EB2E2AFE5E12000D8EFB /* Info.plist */ = {isa = PBXFileReference; lastKnownFileType = text.plist; path = Info.plist; sourceTree = "<group>"; };
		9B97EB2F2AFE5EC3000D8EFB /* AppDelegate.swift */ = {isa = PBXFileReference; lastKnownFileType = sourcecode.swift; path = AppDelegate.swift; sourceTree = "<group>"; };
		9B97EB312AFE5F0A000D8EFB /* Auth.swift */ = {isa = PBXFileReference; lastKnownFileType = sourcecode.swift; path = Auth.swift; sourceTree = "<group>"; };
/* End PBXFileReference section */

/* Begin PBXFrameworksBuildPhase section */
		9B97EAF62AFE5D13000D8EFB /* Frameworks */ = {
			isa = PBXFrameworksBuildPhase;
			buildActionMask = 2147483647;
			files = (
				EB3D994B2C96443A00A9F979 /* TerraiOS in Frameworks */,
				EBAC6FDD2C96633800F7F526 /* TerraiOS in Frameworks */,
			);
			runOnlyForDeploymentPostprocessing = 0;
		};
/* End PBXFrameworksBuildPhase section */

/* Begin PBXGroup section */
		9B97EAF02AFE5D13000D8EFB = {
			isa = PBXGroup;
			children = (
				9B97EAFB2AFE5D13000D8EFB /* TerraLocalTest */,
				9B97EB172AFE5D97000D8EFB /* TerraLocalWatchTest Watch App */,
				9B97EAFA2AFE5D13000D8EFB /* Products */,
				9B97EB282AFE5DA2000D8EFB /* Frameworks */,
			);
			sourceTree = "<group>";
		};
		9B97EAFA2AFE5D13000D8EFB /* Products */ = {
			isa = PBXGroup;
			children = (
				9B97EAF92AFE5D13000D8EFB /* TerraLocalTest.app */,
			);
			name = Products;
			sourceTree = "<group>";
		};
		9B97EAFB2AFE5D13000D8EFB /* TerraLocalTest */ = {
			isa = PBXGroup;
			children = (
				9B97EB2E2AFE5E12000D8EFB /* Info.plist */,
				9B97EB2D2AFE5E03000D8EFB /* TerraLocalTest.entitlements */,
				9B97EAFC2AFE5D13000D8EFB /* TerraLocalTestApp.swift */,
				9B97EAFE2AFE5D13000D8EFB /* ContentView.swift */,
				9B97EB002AFE5D14000D8EFB /* Assets.xcassets */,
				9B97EB022AFE5D14000D8EFB /* Preview Content */,
				9B97EB102AFE5D6C000D8EFB /* Config.swift */,
				9B97EB2F2AFE5EC3000D8EFB /* AppDelegate.swift */,
				9B97EB312AFE5F0A000D8EFB /* Auth.swift */,
				9B44A6C42AFE67F60024A5B0 /* JsonPrettyPrinter.swift */,
				9B44A6C62AFE6D800024A5B0 /* SamplePlannedWorkout.swift */,
			);
			path = TerraLocalTest;
			sourceTree = "<group>";
		};
		9B97EB022AFE5D14000D8EFB /* Preview Content */ = {
			isa = PBXGroup;
			children = (
				9B97EB032AFE5D14000D8EFB /* Preview Assets.xcassets */,
			);
			path = "Preview Content";
			sourceTree = "<group>";
		};
		9B97EB172AFE5D97000D8EFB /* TerraLocalWatchTest Watch App */ = {
			isa = PBXGroup;
			children = (
				9B97EB2C2AFE5DBE000D8EFB /* TerraLocalWatchTest Watch App.entitlements */,
				9B97EB2B2AFE5DB4000D8EFB /* TerraLocalWatchTest-Watch-App-Info.plist */,
				9B97EB182AFE5D97000D8EFB /* TerraLocalWatchTestApp.swift */,
				9B97EB1A2AFE5D97000D8EFB /* ContentView.swift */,
				9B97EB1C2AFE5D99000D8EFB /* Assets.xcassets */,
				9B97EB1E2AFE5D99000D8EFB /* Preview Content */,
			);
			path = "TerraLocalWatchTest Watch App";
			sourceTree = "<group>";
		};
		9B97EB1E2AFE5D99000D8EFB /* Preview Content */ = {
			isa = PBXGroup;
			children = (
				9B97EB1F2AFE5D99000D8EFB /* Preview Assets.xcassets */,
			);
			path = "Preview Content";
			sourceTree = "<group>";
		};
		9B97EB282AFE5DA2000D8EFB /* Frameworks */ = {
			isa = PBXGroup;
			children = (
			);
			name = Frameworks;
			sourceTree = "<group>";
		};
/* End PBXGroup section */

/* Begin PBXNativeTarget section */
		9B97EAF82AFE5D13000D8EFB /* TerraLocalTest */ = {
			isa = PBXNativeTarget;
			buildConfigurationList = 9B97EB072AFE5D14000D8EFB /* Build configuration list for PBXNativeTarget "TerraLocalTest" */;
			buildPhases = (
				9B97EAF52AFE5D13000D8EFB /* Sources */,
				9B97EAF62AFE5D13000D8EFB /* Frameworks */,
				9B97EAF72AFE5D13000D8EFB /* Resources */,
				9B97EB272AFE5D99000D8EFB /* Embed Watch Content */,
			);
			buildRules = (
			);
			dependencies = (
			);
			name = TerraLocalTest;
			packageProductDependencies = (
				EB3D994A2C96443A00A9F979 /* TerraiOS */,
				EBAC6FDC2C96633800F7F526 /* TerraiOS */,
			);
			productName = TerraLocalTest;
			productReference = 9B97EAF92AFE5D13000D8EFB /* TerraLocalTest.app */;
			productType = "com.apple.product-type.application";
		};
/* End PBXNativeTarget section */

/* Begin PBXProject section */
		9B97EAF12AFE5D13000D8EFB /* Project object */ = {
			isa = PBXProject;
			attributes = {
				BuildIndependentTargetsInParallel = 1;
				LastSwiftUpdateCheck = 1500;
				LastUpgradeCheck = 1500;
				TargetAttributes = {
					9B97EAF82AFE5D13000D8EFB = {
						CreatedOnToolsVersion = 15.0;
					};
				};
			};
			buildConfigurationList = 9B97EAF42AFE5D13000D8EFB /* Build configuration list for PBXProject "TerraLocalTest" */;
			compatibilityVersion = "Xcode 14.0";
			developmentRegion = en;
			hasScannedForEncodings = 0;
			knownRegions = (
				en,
				Base,
			);
			mainGroup = 9B97EAF02AFE5D13000D8EFB;
			packageReferences = (
				EBAC6FDB2C96633800F7F526 /* XCRemoteSwiftPackageReference "TerraiOS" */,
			);
			productRefGroup = 9B97EAFA2AFE5D13000D8EFB /* Products */;
			projectDirPath = "";
			projectRoot = "";
			targets = (
				9B97EAF82AFE5D13000D8EFB /* TerraLocalTest */,
			);
		};
/* End PBXProject section */

/* Begin PBXResourcesBuildPhase section */
		9B97EAF72AFE5D13000D8EFB /* Resources */ = {
			isa = PBXResourcesBuildPhase;
			buildActionMask = 2147483647;
			files = (
				9B97EB042AFE5D14000D8EFB /* Preview Assets.xcassets in Resources */,
				9B97EB012AFE5D14000D8EFB /* Assets.xcassets in Resources */,
			);
			runOnlyForDeploymentPostprocessing = 0;
		};
/* End PBXResourcesBuildPhase section */

/* Begin PBXSourcesBuildPhase section */
		9B97EAF52AFE5D13000D8EFB /* Sources */ = {
			isa = PBXSourcesBuildPhase;
			buildActionMask = 2147483647;
			files = (
				9B44A6C52AFE67F60024A5B0 /* JsonPrettyPrinter.swift in Sources */,
				9B97EB322AFE5F0A000D8EFB /* Auth.swift in Sources */,
				9B97EB302AFE5EC3000D8EFB /* AppDelegate.swift in Sources */,
				9B97EAFF2AFE5D13000D8EFB /* ContentView.swift in Sources */,
				9B97EAFD2AFE5D13000D8EFB /* TerraLocalTestApp.swift in Sources */,
				9B97EB112AFE5D6C000D8EFB /* Config.swift in Sources */,
				9B44A6C72AFE6D800024A5B0 /* SamplePlannedWorkout.swift in Sources */,
			);
			runOnlyForDeploymentPostprocessing = 0;
		};
/* End PBXSourcesBuildPhase section */

/* Begin XCBuildConfiguration section */
		9B97EB052AFE5D14000D8EFB /* Debug */ = {
			isa = XCBuildConfiguration;
			buildSettings = {
				ALWAYS_SEARCH_USER_PATHS = NO;
				ASSETCATALOG_COMPILER_GENERATE_SWIFT_ASSET_SYMBOL_EXTENSIONS = YES;
				CLANG_ANALYZER_NONNULL = YES;
				CLANG_ANALYZER_NUMBER_OBJECT_CONVERSION = YES_AGGRESSIVE;
				CLANG_CXX_LANGUAGE_STANDARD = "gnu++20";
				CLANG_ENABLE_MODULES = YES;
				CLANG_ENABLE_OBJC_ARC = YES;
				CLANG_ENABLE_OBJC_WEAK = YES;
				CLANG_WARN_BLOCK_CAPTURE_AUTORELEASING = YES;
				CLANG_WARN_BOOL_CONVERSION = YES;
				CLANG_WARN_COMMA = YES;
				CLANG_WARN_CONSTANT_CONVERSION = YES;
				CLANG_WARN_DEPRECATED_OBJC_IMPLEMENTATIONS = YES;
				CLANG_WARN_DIRECT_OBJC_ISA_USAGE = YES_ERROR;
				CLANG_WARN_DOCUMENTATION_COMMENTS = YES;
				CLANG_WARN_EMPTY_BODY = YES;
				CLANG_WARN_ENUM_CONVERSION = YES;
				CLANG_WARN_INFINITE_RECURSION = YES;
				CLANG_WARN_INT_CONVERSION = YES;
				CLANG_WARN_NON_LITERAL_NULL_CONVERSION = YES;
				CLANG_WARN_OBJC_IMPLICIT_RETAIN_SELF = YES;
				CLANG_WARN_OBJC_LITERAL_CONVERSION = YES;
				CLANG_WARN_OBJC_ROOT_CLASS = YES_ERROR;
				CLANG_WARN_QUOTED_INCLUDE_IN_FRAMEWORK_HEADER = YES;
				CLANG_WARN_RANGE_LOOP_ANALYSIS = YES;
				CLANG_WARN_STRICT_PROTOTYPES = YES;
				CLANG_WARN_SUSPICIOUS_MOVE = YES;
				CLANG_WARN_UNGUARDED_AVAILABILITY = YES_AGGRESSIVE;
				CLANG_WARN_UNREACHABLE_CODE = YES;
				CLANG_WARN__DUPLICATE_METHOD_MATCH = YES;
				COPY_PHASE_STRIP = NO;
				DEBUG_INFORMATION_FORMAT = dwarf;
				ENABLE_STRICT_OBJC_MSGSEND = YES;
				ENABLE_TESTABILITY = YES;
				ENABLE_USER_SCRIPT_SANDBOXING = YES;
				GCC_C_LANGUAGE_STANDARD = gnu17;
				GCC_DYNAMIC_NO_PIC = NO;
				GCC_NO_COMMON_BLOCKS = YES;
				GCC_OPTIMIZATION_LEVEL = 0;
				GCC_PREPROCESSOR_DEFINITIONS = (
					"DEBUG=1",
					"$(inherited)",
				);
				GCC_WARN_64_TO_32_BIT_CONVERSION = YES;
				GCC_WARN_ABOUT_RETURN_TYPE = YES_ERROR;
				GCC_WARN_UNDECLARED_SELECTOR = YES;
				GCC_WARN_UNINITIALIZED_AUTOS = YES_AGGRESSIVE;
				GCC_WARN_UNUSED_FUNCTION = YES;
				GCC_WARN_UNUSED_VARIABLE = YES;
				IPHONEOS_DEPLOYMENT_TARGET = 17.0;
				LOCALIZATION_PREFERS_STRING_CATALOGS = YES;
				MTL_ENABLE_DEBUG_INFO = INCLUDE_SOURCE;
				MTL_FAST_MATH = YES;
				ONLY_ACTIVE_ARCH = YES;
				SDKROOT = iphoneos;
				SWIFT_ACTIVE_COMPILATION_CONDITIONS = "DEBUG $(inherited)";
				SWIFT_OPTIMIZATION_LEVEL = "-Onone";
			};
			name = Debug;
		};
		9B97EB062AFE5D14000D8EFB /* Release */ = {
			isa = XCBuildConfiguration;
			buildSettings = {
				ALWAYS_SEARCH_USER_PATHS = NO;
				ASSETCATALOG_COMPILER_GENERATE_SWIFT_ASSET_SYMBOL_EXTENSIONS = YES;
				CLANG_ANALYZER_NONNULL = YES;
				CLANG_ANALYZER_NUMBER_OBJECT_CONVERSION = YES_AGGRESSIVE;
				CLANG_CXX_LANGUAGE_STANDARD = "gnu++20";
				CLANG_ENABLE_MODULES = YES;
				CLANG_ENABLE_OBJC_ARC = YES;
				CLANG_ENABLE_OBJC_WEAK = YES;
				CLANG_WARN_BLOCK_CAPTURE_AUTORELEASING = YES;
				CLANG_WARN_BOOL_CONVERSION = YES;
				CLANG_WARN_COMMA = YES;
				CLANG_WARN_CONSTANT_CONVERSION = YES;
				CLANG_WARN_DEPRECATED_OBJC_IMPLEMENTATIONS = YES;
				CLANG_WARN_DIRECT_OBJC_ISA_USAGE = YES_ERROR;
				CLANG_WARN_DOCUMENTATION_COMMENTS = YES;
				CLANG_WARN_EMPTY_BODY = YES;
				CLANG_WARN_ENUM_CONVERSION = YES;
				CLANG_WARN_INFINITE_RECURSION = YES;
				CLANG_WARN_INT_CONVERSION = YES;
				CLANG_WARN_NON_LITERAL_NULL_CONVERSION = YES;
				CLANG_WARN_OBJC_IMPLICIT_RETAIN_SELF = YES;
				CLANG_WARN_OBJC_LITERAL_CONVERSION = YES;
				CLANG_WARN_OBJC_ROOT_CLASS = YES_ERROR;
				CLANG_WARN_QUOTED_INCLUDE_IN_FRAMEWORK_HEADER = YES;
				CLANG_WARN_RANGE_LOOP_ANALYSIS = YES;
				CLANG_WARN_STRICT_PROTOTYPES = YES;
				CLANG_WARN_SUSPICIOUS_MOVE = YES;
				CLANG_WARN_UNGUARDED_AVAILABILITY = YES_AGGRESSIVE;
				CLANG_WARN_UNREACHABLE_CODE = YES;
				CLANG_WARN__DUPLICATE_METHOD_MATCH = YES;
				COPY_PHASE_STRIP = NO;
				DEBUG_INFORMATION_FORMAT = "dwarf-with-dsym";
				ENABLE_NS_ASSERTIONS = NO;
				ENABLE_STRICT_OBJC_MSGSEND = YES;
				ENABLE_USER_SCRIPT_SANDBOXING = YES;
				GCC_C_LANGUAGE_STANDARD = gnu17;
				GCC_NO_COMMON_BLOCKS = YES;
				GCC_WARN_64_TO_32_BIT_CONVERSION = YES;
				GCC_WARN_ABOUT_RETURN_TYPE = YES_ERROR;
				GCC_WARN_UNDECLARED_SELECTOR = YES;
				GCC_WARN_UNINITIALIZED_AUTOS = YES_AGGRESSIVE;
				GCC_WARN_UNUSED_FUNCTION = YES;
				GCC_WARN_UNUSED_VARIABLE = YES;
				IPHONEOS_DEPLOYMENT_TARGET = 17.0;
				LOCALIZATION_PREFERS_STRING_CATALOGS = YES;
				MTL_ENABLE_DEBUG_INFO = NO;
				MTL_FAST_MATH = YES;
				SDKROOT = iphoneos;
				SWIFT_COMPILATION_MODE = wholemodule;
				VALIDATE_PRODUCT = YES;
			};
			name = Release;
		};
		9B97EB082AFE5D14000D8EFB /* Debug */ = {
			isa = XCBuildConfiguration;
			buildSettings = {
				ALWAYS_EMBED_SWIFT_STANDARD_LIBRARIES = YES;
				ASSETCATALOG_COMPILER_APPICON_NAME = AppIcon;
				ASSETCATALOG_COMPILER_GLOBAL_ACCENT_COLOR_NAME = AccentColor;
				CODE_SIGN_ENTITLEMENTS = TerraLocalTest/TerraLocalTest.entitlements;
				CODE_SIGN_STYLE = Automatic;
				CURRENT_PROJECT_VERSION = 1;
				DEVELOPMENT_ASSET_PATHS = "\"TerraLocalTest/Preview Content\"";
				DEVELOPMENT_TEAM = U2P76KPJB7;
				ENABLE_PREVIEWS = YES;
				GENERATE_INFOPLIST_FILE = YES;
				INFOPLIST_FILE = TerraLocalTest/Info.plist;
				INFOPLIST_KEY_NFCReaderUsageDescription = "Scan libre health data with Terra";
				INFOPLIST_KEY_NSBluetoothAlwaysUsageDescription = "Scan and connect health data with Terra";
				INFOPLIST_KEY_NSHealthClinicalHealthRecordsShareUsageDescription = "Use and share health data with Terra";
				INFOPLIST_KEY_NSHealthShareUsageDescription = "Use and share health data with Terra";
				INFOPLIST_KEY_NSHealthUpdateUsageDescription = "Use and share health data with Terra";
				INFOPLIST_KEY_UIApplicationSceneManifest_Generation = YES;
				INFOPLIST_KEY_UIApplicationSupportsIndirectInputEvents = YES;
				INFOPLIST_KEY_UILaunchScreen_Generation = YES;
				INFOPLIST_KEY_UISupportedInterfaceOrientations_iPad = "UIInterfaceOrientationPortrait UIInterfaceOrientationPortraitUpsideDown UIInterfaceOrientationLandscapeLeft UIInterfaceOrientationLandscapeRight";
				INFOPLIST_KEY_UISupportedInterfaceOrientations_iPhone = "UIInterfaceOrientationPortrait UIInterfaceOrientationLandscapeLeft UIInterfaceOrientationLandscapeRight";
				IPHONEOS_DEPLOYMENT_TARGET = 15.0;
				LD_RUNPATH_SEARCH_PATHS = (
					"$(inherited)",
					"@executable_path/Frameworks",
				);
				MARKETING_VERSION = 1.0;
				PRODUCT_BUNDLE_IDENTIFIER = com.mcwiradharma.terratest;
				PRODUCT_NAME = "$(TARGET_NAME)";
				SUPPORTED_PLATFORMS = "iphoneos iphonesimulator";
				SUPPORTS_MACCATALYST = NO;
				SUPPORTS_MAC_DESIGNED_FOR_IPHONE_IPAD = NO;
				SWIFT_EMIT_LOC_STRINGS = YES;
				SWIFT_VERSION = 5.0;
				TARGETED_DEVICE_FAMILY = "1,2";
			};
			name = Debug;
		};
		9B97EB092AFE5D14000D8EFB /* Release */ = {
			isa = XCBuildConfiguration;
			buildSettings = {
				ALWAYS_EMBED_SWIFT_STANDARD_LIBRARIES = YES;
				ASSETCATALOG_COMPILER_APPICON_NAME = AppIcon;
				ASSETCATALOG_COMPILER_GLOBAL_ACCENT_COLOR_NAME = AccentColor;
				CODE_SIGN_ENTITLEMENTS = TerraLocalTest/TerraLocalTest.entitlements;
				CODE_SIGN_STYLE = Automatic;
				CURRENT_PROJECT_VERSION = 1;
				DEVELOPMENT_ASSET_PATHS = "\"TerraLocalTest/Preview Content\"";
				DEVELOPMENT_TEAM = U2P76KPJB7;
				ENABLE_PREVIEWS = YES;
				GENERATE_INFOPLIST_FILE = YES;
				INFOPLIST_FILE = TerraLocalTest/Info.plist;
				INFOPLIST_KEY_NFCReaderUsageDescription = "Scan libre health data with Terra";
				INFOPLIST_KEY_NSBluetoothAlwaysUsageDescription = "Scan and connect health data with Terra";
				INFOPLIST_KEY_NSHealthClinicalHealthRecordsShareUsageDescription = "Use and share health data with Terra";
				INFOPLIST_KEY_NSHealthShareUsageDescription = "Use and share health data with Terra";
				INFOPLIST_KEY_NSHealthUpdateUsageDescription = "Use and share health data with Terra";
				INFOPLIST_KEY_UIApplicationSceneManifest_Generation = YES;
				INFOPLIST_KEY_UIApplicationSupportsIndirectInputEvents = YES;
				INFOPLIST_KEY_UILaunchScreen_Generation = YES;
				INFOPLIST_KEY_UISupportedInterfaceOrientations_iPad = "UIInterfaceOrientationPortrait UIInterfaceOrientationPortraitUpsideDown UIInterfaceOrientationLandscapeLeft UIInterfaceOrientationLandscapeRight";
				INFOPLIST_KEY_UISupportedInterfaceOrientations_iPhone = "UIInterfaceOrientationPortrait UIInterfaceOrientationLandscapeLeft UIInterfaceOrientationLandscapeRight";
				IPHONEOS_DEPLOYMENT_TARGET = 15.0;
				LD_RUNPATH_SEARCH_PATHS = (
					"$(inherited)",
					"@executable_path/Frameworks",
				);
				MARKETING_VERSION = 1.0;
				PRODUCT_BUNDLE_IDENTIFIER = com.mcwiradharma.terratest;
				PRODUCT_NAME = "$(TARGET_NAME)";
				SUPPORTED_PLATFORMS = "iphoneos iphonesimulator";
				SUPPORTS_MACCATALYST = NO;
				SUPPORTS_MAC_DESIGNED_FOR_IPHONE_IPAD = NO;
				SWIFT_EMIT_LOC_STRINGS = YES;
				SWIFT_VERSION = 5.0;
				TARGETED_DEVICE_FAMILY = "1,2";
			};
			name = Release;
		};
/* End XCBuildConfiguration section */

/* Begin XCConfigurationList section */
		9B97EAF42AFE5D13000D8EFB /* Build configuration list for PBXProject "TerraLocalTest" */ = {
			isa = XCConfigurationList;
			buildConfigurations = (
				9B97EB052AFE5D14000D8EFB /* Debug */,
				9B97EB062AFE5D14000D8EFB /* Release */,
			);
			defaultConfigurationIsVisible = 0;
			defaultConfigurationName = Release;
		};
		9B97EB072AFE5D14000D8EFB /* Build configuration list for PBXNativeTarget "TerraLocalTest" */ = {
			isa = XCConfigurationList;
			buildConfigurations = (
				9B97EB082AFE5D14000D8EFB /* Debug */,
				9B97EB092AFE5D14000D8EFB /* Release */,
			);
			defaultConfigurationIsVisible = 0;
			defaultConfigurationName = Release;
		};
/* End XCConfigurationList section */

/* Begin XCRemoteSwiftPackageReference section */
		EBAC6FDB2C96633800F7F526 /* XCRemoteSwiftPackageReference "TerraiOS" */ = {
			isa = XCRemoteSwiftPackageReference;
			repositoryURL = "https://github.com/tryterra/TerraiOS";
			requirement = {
				kind = upToNextMajorVersion;
				minimumVersion = 1.6.19;
			};
		};
/* End XCRemoteSwiftPackageReference section */

/* Begin XCSwiftPackageProductDependency section */
		EB3D994A2C96443A00A9F979 /* TerraiOS */ = {
			isa = XCSwiftPackageProductDependency;
			productName = TerraiOS;
		};
		EBAC6FDC2C96633800F7F526 /* TerraiOS */ = {
			isa = XCSwiftPackageProductDependency;
			package = EBAC6FDB2C96633800F7F526 /* XCRemoteSwiftPackageReference "TerraiOS" */;
			productName = TerraiOS;
		};
/* End XCSwiftPackageProductDependency section */
	};
	rootObject = 9B97EAF12AFE5D13000D8EFB /* Project object */;
}
